// !$*UTF8*$!
{
	archiveVersion = 1;
	classes = {
	};
	objectVersion = 56;
	objects = {

/* Begin PBXBuildFile section */
		2A52EEAA2E012499006D1C0B /* AppDelegate.swift in Sources */ = {isa = PBXBuildFile; fileRef = 2A52EEA92E012499006D1C0B /* AppDelegate.swift */; };
		2A52EEAC2E012499006D1C0B /* SceneDelegate.swift in Sources */ = {isa = PBXBuildFile; fileRef = 2A52EEAB2E012499006D1C0B /* SceneDelegate.swift */; };
		2A52EEAE2E012499006D1C0B /* ViewController.swift in Sources */ = {isa = PBXBuildFile; fileRef = 2A52EEAD2E012499006D1C0B /* ViewController.swift */; };
		2A52EEB12E012499006D1C0B /* Main.storyboard in Resources */ = {isa = PBXBuildFile; fileRef = 2A52EEAF2E012499006D1C0B /* Main.storyboard */; };
		2A52EEB42E012499006D1C0B /* api_project_3.xcdatamodeld in Sources */ = {isa = PBXBuildFile; fileRef = 2A52EEB22E012499006D1C0B /* api_project_3.xcdatamodeld */; };
		2A52EEB62E01249C006D1C0B /* Assets.xcassets in Resources */ = {isa = PBXBuildFile; fileRef = 2A52EEB52E01249C006D1C0B /* Assets.xcassets */; };
		2A52EEB92E01249C006D1C0B /* LaunchScreen.storyboard in Resources */ = {isa = PBXBuildFile; fileRef = 2A52EEB72E01249C006D1C0B /* LaunchScreen.storyboard */; };
		2A52EEC42E01249C006D1C0B /* api_project_3Tests.swift in Sources */ = {isa = PBXBuildFile; fileRef = 2A52EEC32E01249C006D1C0B /* api_project_3Tests.swift */; };
		2A52EECE2E01249C006D1C0B /* api_project_3UITests.swift in Sources */ = {isa = PBXBuildFile; fileRef = 2A52EECD2E01249C006D1C0B /* api_project_3UITests.swift */; };
		2A52EED02E01249C006D1C0B /* api_project_3UITestsLaunchTests.swift in Sources */ = {isa = PBXBuildFile; fileRef = 2A52EECF2E01249C006D1C0B /* api_project_3UITestsLaunchTests.swift */; };
		2A52EEDD2E0124C3006D1C0B /* HomeVC.swift in Sources */ = {isa = PBXBuildFile; fileRef = 2A52EEDC2E0124C3006D1C0B /* HomeVC.swift */; };
		2A52EEDF2E0124D7006D1C0B /* DeailedVC.swift in Sources */ = {isa = PBXBuildFile; fileRef = 2A52EEDE2E0124D7006D1C0B /* DeailedVC.swift */; };
		2A52EEE12E0124F3006D1C0B /* TableViewCell.swift in Sources */ = {isa = PBXBuildFile; fileRef = 2A52EEE02E0124F3006D1C0B /* TableViewCell.swift */; };
/* End PBXBuildFile section */

/* Begin PBXContainerItemProxy section */
		2A52EEC02E01249C006D1C0B /* PBXContainerItemProxy */ = {
			isa = PBXContainerItemProxy;
			containerPortal = 2A52EE9E2E012499006D1C0B /* Project object */;
			proxyType = 1;
			remoteGlobalIDString = 2A52EEA52E012499006D1C0B;
			remoteInfo = "api-project-3";
		};
		2A52EECA2E01249C006D1C0B /* PBXContainerItemProxy */ = {
			isa = PBXContainerItemProxy;
			containerPortal = 2A52EE9E2E012499006D1C0B /* Project object */;
			proxyType = 1;
			remoteGlobalIDString = 2A52EEA52E012499006D1C0B;
			remoteInfo = "api-project-3";
		};
/* End PBXContainerItemProxy section */

/* Begin PBXFileReference section */
		2A52EEA62E012499006D1C0B /* api-project-3.app */ = {isa = PBXFileReference; explicitFileType = wrapper.application; includeInIndex = 0; path = "api-project-3.app"; sourceTree = BUILT_PRODUCTS_DIR; };
		2A52EEA92E012499006D1C0B /* AppDelegate.swift */ = {isa = PBXFileReference; lastKnownFileType = sourcecode.swift; path = AppDelegate.swift; sourceTree = "<group>"; };
		2A52EEAB2E012499006D1C0B /* SceneDelegate.swift */ = {isa = PBXFileReference; lastKnownFileType = sourcecode.swift; path = SceneDelegate.swift; sourceTree = "<group>"; };
		2A52EEAD2E012499006D1C0B /* ViewController.swift */ = {isa = PBXFileReference; lastKnownFileType = sourcecode.swift; path = ViewController.swift; sourceTree = "<group>"; };
		2A52EEB02E012499006D1C0B /* Base */ = {isa = PBXFileReference; lastKnownFileType = file.storyboard; name = Base; path = Base.lproj/Main.storyboard; sourceTree = "<group>"; };
		2A52EEB32E012499006D1C0B /* api_project_3.xcdatamodel */ = {isa = PBXFileReference; lastKnownFileType = wrapper.xcdatamodel; path = api_project_3.xcdatamodel; sourceTree = "<group>"; };
		2A52EEB52E01249C006D1C0B /* Assets.xcassets */ = {isa = PBXFileReference; lastKnownFileType = folder.assetcatalog; path = Assets.xcassets; sourceTree = "<group>"; };
		2A52EEB82E01249C006D1C0B /* Base */ = {isa = PBXFileReference; lastKnownFileType = file.storyboard; name = Base; path = Base.lproj/LaunchScreen.storyboard; sourceTree = "<group>"; };
		2A52EEBA2E01249C006D1C0B /* Info.plist */ = {isa = PBXFileReference; lastKnownFileType = text.plist.xml; path = Info.plist; sourceTree = "<group>"; };
		2A52EEBF2E01249C006D1C0B /* api-project-3Tests.xctest */ = {isa = PBXFileReference; explicitFileType = wrapper.cfbundle; includeInIndex = 0; path = "api-project-3Tests.xctest"; sourceTree = BUILT_PRODUCTS_DIR; };
		2A52EEC32E01249C006D1C0B /* api_project_3Tests.swift */ = {isa = PBXFileReference; lastKnownFileType = sourcecode.swift; path = api_project_3Tests.swift; sourceTree = "<group>"; };
		2A52EEC92E01249C006D1C0B /* api-project-3UITests.xctest */ = {isa = PBXFileReference; explicitFileType = wrapper.cfbundle; includeInIndex = 0; path = "api-project-3UITests.xctest"; sourceTree = BUILT_PRODUCTS_DIR; };
		2A52EECD2E01249C006D1C0B /* api_project_3UITests.swift */ = {isa = PBXFileReference; lastKnownFileType = sourcecode.swift; path = api_project_3UITests.swift; sourceTree = "<group>"; };
		2A52EECF2E01249C006D1C0B /* api_project_3UITestsLaunchTests.swift */ = {isa = PBXFileReference; lastKnownFileType = sourcecode.swift; path = api_project_3UITestsLaunchTests.swift; sourceTree = "<group>"; };
		2A52EEDC2E0124C3006D1C0B /* HomeVC.swift */ = {isa = PBXFileReference; lastKnownFileType = sourcecode.swift; path = HomeVC.swift; sourceTree = "<group>"; };
		2A52EEDE2E0124D7006D1C0B /* DeailedVC.swift */ = {isa = PBXFileReference; lastKnownFileType = sourcecode.swift; path = DeailedVC.swift; sourceTree = "<group>"; };
		2A52EEE02E0124F3006D1C0B /* TableViewCell.swift */ = {isa = PBXFileReference; lastKnownFileType = sourcecode.swift; path = TableViewCell.swift; sourceTree = "<group>"; };
/* End PBXFileReference section */

/* Begin PBXFrameworksBuildPhase section */
		2A52EEA32E012499006D1C0B /* Frameworks */ = {
			isa = PBXFrameworksBuildPhase;
			buildActionMask = 2147483647;
			files = (
			);
			runOnlyForDeploymentPostprocessing = 0;
		};
		2A52EEBC2E01249C006D1C0B /* Frameworks */ = {
			isa = PBXFrameworksBuildPhase;
			buildActionMask = 2147483647;
			files = (
			);
			runOnlyForDeploymentPostprocessing = 0;
		};
		2A52EEC62E01249C006D1C0B /* Frameworks */ = {
			isa = PBXFrameworksBuildPhase;
			buildActionMask = 2147483647;
			files = (
			);
			runOnlyForDeploymentPostprocessing = 0;
		};
/* End PBXFrameworksBuildPhase section */

/* Begin PBXGroup section */
		2A52EE9D2E012499006D1C0B = {
			isa = PBXGroup;
			children = (
				2A52EEA82E012499006D1C0B /* api-project-3 */,
				2A52EEC22E01249C006D1C0B /* api-project-3Tests */,
				2A52EECC2E01249C006D1C0B /* api-project-3UITests */,
				2A52EEA72E012499006D1C0B /* Products */,
			);
			sourceTree = "<group>";
		};
		2A52EEA72E012499006D1C0B /* Products */ = {
			isa = PBXGroup;
			children = (
				2A52EEA62E012499006D1C0B /* api-project-3.app */,
				2A52EEBF2E01249C006D1C0B /* api-project-3Tests.xctest */,
				2A52EEC92E01249C006D1C0B /* api-project-3UITests.xctest */,
			);
			name = Products;
			sourceTree = "<group>";
		};
		2A52EEA82E012499006D1C0B /* api-project-3 */ = {
			isa = PBXGroup;
			children = (
				2A52EEA92E012499006D1C0B /* AppDelegate.swift */,
				2A52EEAB2E012499006D1C0B /* SceneDelegate.swift */,
				2A52EEAD2E012499006D1C0B /* ViewController.swift */,
				2A52EEAF2E012499006D1C0B /* Main.storyboard */,
				2A52EEDE2E0124D7006D1C0B /* DeailedVC.swift */,
				2A52EEE02E0124F3006D1C0B /* TableViewCell.swift */,
				2A52EEDC2E0124C3006D1C0B /* HomeVC.swift */,
				2A52EEB52E01249C006D1C0B /* Assets.xcassets */,
				2A52EEB72E01249C006D1C0B /* LaunchScreen.storyboard */,
				2A52EEBA2E01249C006D1C0B /* Info.plist */,
				2A52EEB22E012499006D1C0B /* api_project_3.xcdatamodeld */,
			);
			path = "api-project-3";
			sourceTree = "<group>";
		};
		2A52EEC22E01249C006D1C0B /* api-project-3Tests */ = {
			isa = PBXGroup;
			children = (
				2A52EEC32E01249C006D1C0B /* api_project_3Tests.swift */,
			);
			path = "api-project-3Tests";
			sourceTree = "<group>";
		};
		2A52EECC2E01249C006D1C0B /* api-project-3UITests */ = {
			isa = PBXGroup;
			children = (
				2A52EECD2E01249C006D1C0B /* api_project_3UITests.swift */,
				2A52EECF2E01249C006D1C0B /* api_project_3UITestsLaunchTests.swift */,
			);
			path = "api-project-3UITests";
			sourceTree = "<group>";
		};
/* End PBXGroup section */

/* Begin PBXNativeTarget section */
		2A52EEA52E012499006D1C0B /* api-project-3 */ = {
			isa = PBXNativeTarget;
			buildConfigurationList = 2A52EED32E01249C006D1C0B /* Build configuration list for PBXNativeTarget "api-project-3" */;
			buildPhases = (
				2A52EEA22E012499006D1C0B /* Sources */,
				2A52EEA32E012499006D1C0B /* Frameworks */,
				2A52EEA42E012499006D1C0B /* Resources */,
			);
			buildRules = (
			);
			dependencies = (
			);
			name = "api-project-3";
			productName = "api-project-3";
			productReference = 2A52EEA62E012499006D1C0B /* api-project-3.app */;
			productType = "com.apple.product-type.application";
		};
		2A52EEBE2E01249C006D1C0B /* api-project-3Tests */ = {
			isa = PBXNativeTarget;
			buildConfigurationList = 2A52EED62E01249C006D1C0B /* Build configuration list for PBXNativeTarget "api-project-3Tests" */;
			buildPhases = (
				2A52EEBB2E01249C006D1C0B /* Sources */,
				2A52EEBC2E01249C006D1C0B /* Frameworks */,
				2A52EEBD2E01249C006D1C0B /* Resources */,
			);
			buildRules = (
			);
			dependencies = (
				2A52EEC12E01249C006D1C0B /* PBXTargetDependency */,
			);
			name = "api-project-3Tests";
			productName = "api-project-3Tests";
			productReference = 2A52EEBF2E01249C006D1C0B /* api-project-3Tests.xctest */;
			productType = "com.apple.product-type.bundle.unit-test";
		};
		2A52EEC82E01249C006D1C0B /* api-project-3UITests */ = {
			isa = PBXNativeTarget;
			buildConfigurationList = 2A52EED92E01249C006D1C0B /* Build configuration list for PBXNativeTarget "api-project-3UITests" */;
			buildPhases = (
				2A52EEC52E01249C006D1C0B /* Sources */,
				2A52EEC62E01249C006D1C0B /* Frameworks */,
				2A52EEC72E01249C006D1C0B /* Resources */,
			);
			buildRules = (
			);
			dependencies = (
				2A52EECB2E01249C006D1C0B /* PBXTargetDependency */,
			);
			name = "api-project-3UITests";
			productName = "api-project-3UITests";
			productReference = 2A52EEC92E01249C006D1C0B /* api-project-3UITests.xctest */;
			productType = "com.apple.product-type.bundle.ui-testing";
		};
/* End PBXNativeTarget section */

/* Begin PBXProject section */
		2A52EE9E2E012499006D1C0B /* Project object */ = {
			isa = PBXProject;
			attributes = {
				BuildIndependentTargetsInParallel = 1;
				LastSwiftUpdateCheck = 1420;
				LastUpgradeCheck = 1420;
				TargetAttributes = {
					2A52EEA52E012499006D1C0B = {
						CreatedOnToolsVersion = 14.2;
					};
					2A52EEBE2E01249C006D1C0B = {
						CreatedOnToolsVersion = 14.2;
						TestTargetID = 2A52EEA52E012499006D1C0B;
					};
					2A52EEC82E01249C006D1C0B = {
						CreatedOnToolsVersion = 14.2;
						TestTargetID = 2A52EEA52E012499006D1C0B;
					};
				};
			};
			buildConfigurationList = 2A52EEA12E012499006D1C0B /* Build configuration list for PBXProject "api-project-3" */;
			compatibilityVersion = "Xcode 14.0";
			developmentRegion = en;
			hasScannedForEncodings = 0;
			knownRegions = (
				en,
				Base,
			);
			mainGroup = 2A52EE9D2E012499006D1C0B;
			productRefGroup = 2A52EEA72E012499006D1C0B /* Products */;
			projectDirPath = "";
			projectRoot = "";
			targets = (
				2A52EEA52E012499006D1C0B /* api-project-3 */,
				2A52EEBE2E01249C006D1C0B /* api-project-3Tests */,
				2A52EEC82E01249C006D1C0B /* api-project-3UITests */,
			);
		};
/* End PBXProject section */

/* Begin PBXResourcesBuildPhase section */
		2A52EEA42E012499006D1C0B /* Resources */ = {
			isa = PBXResourcesBuildPhase;
			buildActionMask = 2147483647;
			files = (
				2A52EEB92E01249C006D1C0B /* LaunchScreen.storyboard in Resources */,
				2A52EEB62E01249C006D1C0B /* Assets.xcassets in Resources */,
				2A52EEB12E012499006D1C0B /* Main.storyboard in Resources */,
			);
			runOnlyForDeploymentPostprocessing = 0;
		};
		2A52EEBD2E01249C006D1C0B /* Resources */ = {
			isa = PBXResourcesBuildPhase;
			buildActionMask = 2147483647;
			files = (
			);
			runOnlyForDeploymentPostprocessing = 0;
		};
		2A52EEC72E01249C006D1C0B /* Resources */ = {
			isa = PBXResourcesBuildPhase;
			buildActionMask = 2147483647;
			files = (
			);
			runOnlyForDeploymentPostprocessing = 0;
		};
/* End PBXResourcesBuildPhase section */

/* Begin PBXSourcesBuildPhase section */
		2A52EEA22E012499006D1C0B /* Sources */ = {
			isa = PBXSourcesBuildPhase;
			buildActionMask = 2147483647;
			files = (
				2A52EEB42E012499006D1C0B /* api_project_3.xcdatamodeld in Sources */,
				2A52EEDD2E0124C3006D1C0B /* HomeVC.swift in Sources */,
				2A52EEAE2E012499006D1C0B /* ViewController.swift in Sources */,
				2A52EEAA2E012499006D1C0B /* AppDelegate.swift in Sources */,
				2A52EEAC2E012499006D1C0B /* SceneDelegate.swift in Sources */,
				2A52EEE12E0124F3006D1C0B /* TableViewCell.swift in Sources */,
				2A52EEDF2E0124D7006D1C0B /* DeailedVC.swift in Sources */,
			);
			runOnlyForDeploymentPostprocessing = 0;
		};
		2A52EEBB2E01249C006D1C0B /* Sources */ = {
			isa = PBXSourcesBuildPhase;
			buildActionMask = 2147483647;
			files = (
				2A52EEC42E01249C006D1C0B /* api_project_3Tests.swift in Sources */,
			);
			runOnlyForDeploymentPostprocessing = 0;
		};
		2A52EEC52E01249C006D1C0B /* Sources */ = {
			isa = PBXSourcesBuildPhase;
			buildActionMask = 2147483647;
			files = (
				2A52EECE2E01249C006D1C0B /* api_project_3UITests.swift in Sources */,
				2A52EED02E01249C006D1C0B /* api_project_3UITestsLaunchTests.swift in Sources */,
			);
			runOnlyForDeploymentPostprocessing = 0;
		};
/* End PBXSourcesBuildPhase section */

/* Begin PBXTargetDependency section */
		2A52EEC12E01249C006D1C0B /* PBXTargetDependency */ = {
			isa = PBXTargetDependency;
			target = 2A52EEA52E012499006D1C0B /* api-project-3 */;
			targetProxy = 2A52EEC02E01249C006D1C0B /* PBXContainerItemProxy */;
		};
		2A52EECB2E01249C006D1C0B /* PBXTargetDependency */ = {
			isa = PBXTargetDependency;
			target = 2A52EEA52E012499006D1C0B /* api-project-3 */;
			targetProxy = 2A52EECA2E01249C006D1C0B /* PBXContainerItemProxy */;
		};
/* End PBXTargetDependency section */

/* Begin PBXVariantGroup section */
		2A52EEAF2E012499006D1C0B /* Main.storyboard */ = {
			isa = PBXVariantGroup;
			children = (
				2A52EEB02E012499006D1C0B /* Base */,
			);
			name = Main.storyboard;
			sourceTree = "<group>";
		};
		2A52EEB72E01249C006D1C0B /* LaunchScreen.storyboard */ = {
			isa = PBXVariantGroup;
			children = (
				2A52EEB82E01249C006D1C0B /* Base */,
			);
			name = LaunchScreen.storyboard;
			sourceTree = "<group>";
		};
/* End PBXVariantGroup section */

/* Begin XCBuildConfiguration section */
		2A52EED12E01249C006D1C0B /* Debug */ = {
			isa = XCBuildConfiguration;
			buildSettings = {
				ALWAYS_SEARCH_USER_PATHS = NO;
				CLANG_ANALYZER_NONNULL = YES;
				CLANG_ANALYZER_NUMBER_OBJECT_CONVERSION = YES_AGGRESSIVE;
				CLANG_CXX_LANGUAGE_STANDARD = "gnu++20";
				CLANG_ENABLE_MODULES = YES;
				CLANG_ENABLE_OBJC_ARC = YES;
				CLANG_ENABLE_OBJC_WEAK = YES;
				CLANG_WARN_BLOCK_CAPTURE_AUTORELEASING = YES;
				CLANG_WARN_BOOL_CONVERSION = YES;
				CLANG_WARN_COMMA = YES;
				CLANG_WARN_CONSTANT_CONVERSION = YES;
				CLANG_WARN_DEPRECATED_OBJC_IMPLEMENTATIONS = YES;
				CLANG_WARN_DIRECT_OBJC_ISA_USAGE = YES_ERROR;
				CLANG_WARN_DOCUMENTATION_COMMENTS = YES;
				CLANG_WARN_EMPTY_BODY = YES;
				CLANG_WARN_ENUM_CONVERSION = YES;
				CLANG_WARN_INFINITE_RECURSION = YES;
				CLANG_WARN_INT_CONVERSION = YES;
				CLANG_WARN_NON_LITERAL_NULL_CONVERSION = YES;
				CLANG_WARN_OBJC_IMPLICIT_RETAIN_SELF = YES;
				CLANG_WARN_OBJC_LITERAL_CONVERSION = YES;
				CLANG_WARN_OBJC_ROOT_CLASS = YES_ERROR;
				CLANG_WARN_QUOTED_INCLUDE_IN_FRAMEWORK_HEADER = YES;
				CLANG_WARN_RANGE_LOOP_ANALYSIS = YES;
				CLANG_WARN_STRICT_PROTOTYPES = YES;
				CLANG_WARN_SUSPICIOUS_MOVE = YES;
				CLANG_WARN_UNGUARDED_AVAILABILITY = YES_AGGRESSIVE;
				CLANG_WARN_UNREACHABLE_CODE = YES;
				CLANG_WARN__DUPLICATE_METHOD_MATCH = YES;
				COPY_PHASE_STRIP = NO;
				DEBUG_INFORMATION_FORMAT = dwarf;
				ENABLE_STRICT_OBJC_MSGSEND = YES;
				ENABLE_TESTABILITY = YES;
				GCC_C_LANGUAGE_STANDARD = gnu11;
				GCC_DYNAMIC_NO_PIC = NO;
				GCC_NO_COMMON_BLOCKS = YES;
				GCC_OPTIMIZATION_LEVEL = 0;
				GCC_PREPROCESSOR_DEFINITIONS = (
					"DEBUG=1",
					"$(inherited)",
				);
				GCC_WARN_64_TO_32_BIT_CONVERSION = YES;
				GCC_WARN_ABOUT_RETURN_TYPE = YES_ERROR;
				GCC_WARN_UNDECLARED_SELECTOR = YES;
				GCC_WARN_UNINITIALIZED_AUTOS = YES_AGGRESSIVE;
				GCC_WARN_UNUSED_FUNCTION = YES;
				GCC_WARN_UNUSED_VARIABLE = YES;
				IPHONEOS_DEPLOYMENT_TARGET = 16.2;
				MTL_ENABLE_DEBUG_INFO = INCLUDE_SOURCE;
				MTL_FAST_MATH = YES;
				ONLY_ACTIVE_ARCH = YES;
				SDKROOT = iphoneos;
				SWIFT_ACTIVE_COMPILATION_CONDITIONS = DEBUG;
				SWIFT_OPTIMIZATION_LEVEL = "-Onone";
			};
			name = Debug;
		};
		2A52EED22E01249C006D1C0B /* Release */ = {
			isa = XCBuildConfiguration;
			buildSettings = {
				ALWAYS_SEARCH_USER_PATHS = NO;
				CLANG_ANALYZER_NONNULL = YES;
				CLANG_ANALYZER_NUMBER_OBJECT_CONVERSION = YES_AGGRESSIVE;
				CLANG_CXX_LANGUAGE_STANDARD = "gnu++20";
				CLANG_ENABLE_MODULES = YES;
				CLANG_ENABLE_OBJC_ARC = YES;
				CLANG_ENABLE_OBJC_WEAK = YES;
				CLANG_WARN_BLOCK_CAPTURE_AUTORELEASING = YES;
				CLANG_WARN_BOOL_CONVERSION = YES;
				CLANG_WARN_COMMA = YES;
				CLANG_WARN_CONSTANT_CONVERSION = YES;
				CLANG_WARN_DEPRECATED_OBJC_IMPLEMENTATIONS = YES;
				CLANG_WARN_DIRECT_OBJC_ISA_USAGE = YES_ERROR;
				CLANG_WARN_DOCUMENTATION_COMMENTS = YES;
				CLANG_WARN_EMPTY_BODY = YES;
				CLANG_WARN_ENUM_CONVERSION = YES;
				CLANG_WARN_INFINITE_RECURSION = YES;
				CLANG_WARN_INT_CONVERSION = YES;
				CLANG_WARN_NON_LITERAL_NULL_CONVERSION = YES;
				CLANG_WARN_OBJC_IMPLICIT_RETAIN_SELF = YES;
				CLANG_WARN_OBJC_LITERAL_CONVERSION = YES;
				CLANG_WARN_OBJC_ROOT_CLASS = YES_ERROR;
				CLANG_WARN_QUOTED_INCLUDE_IN_FRAMEWORK_HEADER = YES;
				CLANG_WARN_RANGE_LOOP_ANALYSIS = YES;
				CLANG_WARN_STRICT_PROTOTYPES = YES;
				CLANG_WARN_SUSPICIOUS_MOVE = YES;
				CLANG_WARN_UNGUARDED_AVAILABILITY = YES_AGGRESSIVE;
				CLANG_WARN_UNREACHABLE_CODE = YES;
				CLANG_WARN__DUPLICATE_METHOD_MATCH = YES;
				COPY_PHASE_STRIP = NO;
				DEBUG_INFORMATION_FORMAT = "dwarf-with-dsym";
				ENABLE_NS_ASSERTIONS = NO;
				ENABLE_STRICT_OBJC_MSGSEND = YES;
				GCC_C_LANGUAGE_STANDARD = gnu11;
				GCC_NO_COMMON_BLOCKS = YES;
				GCC_WARN_64_TO_32_BIT_CONVERSION = YES;
				GCC_WARN_ABOUT_RETURN_TYPE = YES_ERROR;
				GCC_WARN_UNDECLARED_SELECTOR = YES;
				GCC_WARN_UNINITIALIZED_AUTOS = YES_AGGRESSIVE;
				GCC_WARN_UNUSED_FUNCTION = YES;
				GCC_WARN_UNUSED_VARIABLE = YES;
				IPHONEOS_DEPLOYMENT_TARGET = 16.2;
				MTL_ENABLE_DEBUG_INFO = NO;
				MTL_FAST_MATH = YES;
				SDKROOT = iphoneos;
				SWIFT_COMPILATION_MODE = wholemodule;
				SWIFT_OPTIMIZATION_LEVEL = "-O";
				VALIDATE_PRODUCT = YES;
			};
			name = Release;
		};
		2A52EED42E01249C006D1C0B /* Debug */ = {
			isa = XCBuildConfiguration;
			buildSettings = {
				ASSETCATALOG_COMPILER_APPICON_NAME = AppIcon;
				ASSETCATALOG_COMPILER_GLOBAL_ACCENT_COLOR_NAME = AccentColor;
				CODE_SIGN_STYLE = Automatic;
				CURRENT_PROJECT_VERSION = 1;
				DEVELOPMENT_TEAM = SBPJDXG7CY;
				GENERATE_INFOPLIST_FILE = YES;
				INFOPLIST_FILE = "api-project-3/Info.plist";
				INFOPLIST_KEY_UIApplicationSupportsIndirectInputEvents = YES;
				INFOPLIST_KEY_UILaunchStoryboardName = LaunchScreen;
				INFOPLIST_KEY_UIMainStoryboardFile = Main;
				INFOPLIST_KEY_UISupportedInterfaceOrientations_iPad = "UIInterfaceOrientationPortrait UIInterfaceOrientationPortraitUpsideDown UIInterfaceOrientationLandscapeLeft UIInterfaceOrientationLandscapeRight";
				INFOPLIST_KEY_UISupportedInterfaceOrientations_iPhone = "UIInterfaceOrientationPortrait UIInterfaceOrientationLandscapeLeft UIInterfaceOrientationLandscapeRight";
				LD_RUNPATH_SEARCH_PATHS = (
					"$(inherited)",
					"@executable_path/Frameworks",
				);
				MARKETING_VERSION = 1.0;
				PRODUCT_BUNDLE_IDENTIFIER = "iroid.api-project-3";
				PRODUCT_NAME = "$(TARGET_NAME)";
				SWIFT_EMIT_LOC_STRINGS = YES;
				SWIFT_VERSION = 5.0;
				TARGETED_DEVICE_FAMILY = "1,2";
			};
			name = Debug;
		};
		2A52EED52E01249C006D1C0B /* Release */ = {
			isa = XCBuildConfiguration;
			buildSettings = {
				ASSETCATALOG_COMPILER_APPICON_NAME = AppIcon;
				ASSETCATALOG_COMPILER_GLOBAL_ACCENT_COLOR_NAME = AccentColor;
				CODE_SIGN_STYLE = Automatic;
				CURRENT_PROJECT_VERSION = 1;
				DEVELOPMENT_TEAM = SBPJDXG7CY;
				GENERATE_INFOPLIST_FILE = YES;
				INFOPLIST_FILE = "api-project-3/Info.plist";
				INFOPLIST_KEY_UIApplicationSupportsIndirectInputEvents = YES;
				INFOPLIST_KEY_UILaunchStoryboardName = LaunchScreen;
				INFOPLIST_KEY_UIMainStoryboardFile = Main;
				INFOPLIST_KEY_UISupportedInterfaceOrientations_iPad = "UIInterfaceOrientationPortrait UIInterfaceOrientationPortraitUpsideDown UIInterfaceOrientationLandscapeLeft UIInterfaceOrientationLandscapeRight";
				INFOPLIST_KEY_UISupportedInterfaceOrientations_iPhone = "UIInterfaceOrientationPortrait UIInterfaceOrientationLandscapeLeft UIInterfaceOrientationLandscapeRight";
				LD_RUNPATH_SEARCH_PATHS = (
					"$(inherited)",
					"@executable_path/Frameworks",
				);
				MARKETING_VERSION = 1.0;
				PRODUCT_BUNDLE_IDENTIFIER = "iroid.api-project-3";
				PRODUCT_NAME = "$(TARGET_NAME)";
				SWIFT_EMIT_LOC_STRINGS = YES;
				SWIFT_VERSION = 5.0;
				TARGETED_DEVICE_FAMILY = "1,2";
			};
			name = Release;
		};
		2A52EED72E01249C006D1C0B /* Debug */ = {
			isa = XCBuildConfiguration;
			buildSettings = {
				ALWAYS_EMBED_SWIFT_STANDARD_LIBRARIES = YES;
				BUNDLE_LOADER = "$(TEST_HOST)";
				CODE_SIGN_STYLE = Automatic;
				CURRENT_PROJECT_VERSION = 1;
				DEVELOPMENT_TEAM = SBPJDXG7CY;
				GENERATE_INFOPLIST_FILE = YES;
				IPHONEOS_DEPLOYMENT_TARGET = 16.2;
				MARKETING_VERSION = 1.0;
				PRODUCT_BUNDLE_IDENTIFIER = "iroid.api-project-3Tests";
				PRODUCT_NAME = "$(TARGET_NAME)";
				SWIFT_EMIT_LOC_STRINGS = NO;
				SWIFT_VERSION = 5.0;
				TARGETED_DEVICE_FAMILY = "1,2";
				TEST_HOST = "$(BUILT_PRODUCTS_DIR)/api-project-3.app/$(BUNDLE_EXECUTABLE_FOLDER_PATH)/api-project-3";
			};
			name = Debug;
		};
		2A52EED82E01249C006D1C0B /* Release */ = {
			isa = XCBuildConfiguration;
			buildSettings = {
				ALWAYS_EMBED_SWIFT_STANDARD_LIBRARIES = YES;
				BUNDLE_LOADER = "$(TEST_HOST)";
				CODE_SIGN_STYLE = Automatic;
				CURRENT_PROJECT_VERSION = 1;
				DEVELOPMENT_TEAM = SBPJDXG7CY;
				GENERATE_INFOPLIST_FILE = YES;
				IPHONEOS_DEPLOYMENT_TARGET = 16.2;
				MARKETING_VERSION = 1.0;
				PRODUCT_BUNDLE_IDENTIFIER = "iroid.api-project-3Tests";
				PRODUCT_NAME = "$(TARGET_NAME)";
				SWIFT_EMIT_LOC_STRINGS = NO;
				SWIFT_VERSION = 5.0;
				TARGETED_DEVICE_FAMILY = "1,2";
				TEST_HOST = "$(BUILT_PRODUCTS_DIR)/api-project-3.app/$(BUNDLE_EXECUTABLE_FOLDER_PATH)/api-project-3";
			};
			name = Release;
		};
		2A52EEDA2E01249C006D1C0B /* Debug */ = {
			isa = XCBuildConfiguration;
			buildSettings = {
				ALWAYS_EMBED_SWIFT_STANDARD_LIBRARIES = YES;
				CODE_SIGN_STYLE = Automatic;
				CURRENT_PROJECT_VERSION = 1;
				DEVELOPMENT_TEAM = SBPJDXG7CY;
				GENERATE_INFOPLIST_FILE = YES;
				MARKETING_VERSION = 1.0;
				PRODUCT_BUNDLE_IDENTIFIER = "iroid.api-project-3UITests";
				PRODUCT_NAME = "$(TARGET_NAME)";
				SWIFT_EMIT_LOC_STRINGS = NO;
				SWIFT_VERSION = 5.0;
				TARGETED_DEVICE_FAMILY = "1,2";
				TEST_TARGET_NAME = "api-project-3";
			};
			name = Debug;
		};
		2A52EEDB2E01249C006D1C0B /* Release */ = {
			isa = XCBuildConfiguration;
			buildSettings = {
				ALWAYS_EMBED_SWIFT_STANDARD_LIBRARIES = YES;
				CODE_SIGN_STYLE = Automatic;
				CURRENT_PROJECT_VERSION = 1;
				DEVELOPMENT_TEAM = SBPJDXG7CY;
				GENERATE_INFOPLIST_FILE = YES;
				MARKETING_VERSION = 1.0;
				PRODUCT_BUNDLE_IDENTIFIER = "iroid.api-project-3UITests";
				PRODUCT_NAME = "$(TARGET_NAME)";
				SWIFT_EMIT_LOC_STRINGS = NO;
				SWIFT_VERSION = 5.0;
				TARGETED_DEVICE_FAMILY = "1,2";
				TEST_TARGET_NAME = "api-project-3";
			};
			name = Release;
		};
/* End XCBuildConfiguration section */

/* Begin XCConfigurationList section */
		2A52EEA12E012499006D1C0B /* Build configuration list for PBXProject "api-project-3" */ = {
			isa = XCConfigurationList;
			buildConfigurations = (
				2A52EED12E01249C006D1C0B /* Debug */,
				2A52EED22E01249C006D1C0B /* Release */,
			);
			defaultConfigurationIsVisible = 0;
			defaultConfigurationName = Release;
		};
		2A52EED32E01249C006D1C0B /* Build configuration list for PBXNativeTarget "api-project-3" */ = {
			isa = XCConfigurationList;
			buildConfigurations = (
				2A52EED42E01249C006D1C0B /* Debug */,
				2A52EED52E01249C006D1C0B /* Release */,
			);
			defaultConfigurationIsVisible = 0;
			defaultConfigurationName = Release;
		};
		2A52EED62E01249C006D1C0B /* Build configuration list for PBXNativeTarget "api-project-3Tests" */ = {
			isa = XCConfigurationList;
			buildConfigurations = (
				2A52EED72E01249C006D1C0B /* Debug */,
				2A52EED82E01249C006D1C0B /* Release */,
			);
			defaultConfigurationIsVisible = 0;
			defaultConfigurationName = Release;
		};
		2A52EED92E01249C006D1C0B /* Build configuration list for PBXNativeTarget "api-project-3UITests" */ = {
			isa = XCConfigurationList;
			buildConfigurations = (
				2A52EEDA2E01249C006D1C0B /* Debug */,
				2A52EEDB2E01249C006D1C0B /* Release */,
			);
			defaultConfigurationIsVisible = 0;
			defaultConfigurationName = Release;
		};
/* End XCConfigurationList section */

/* Begin XCVersionGroup section */
		2A52EEB22E012499006D1C0B /* api_project_3.xcdatamodeld */ = {
			isa = XCVersionGroup;
			children = (
				2A52EEB32E012499006D1C0B /* api_project_3.xcdatamodel */,
			);
			currentVersion = 2A52EEB32E012499006D1C0B /* api_project_3.xcdatamodel */;
			path = api_project_3.xcdatamodeld;
			sourceTree = "<group>";
			versionGroupType = wrapper.xcdatamodel;
		};
/* End XCVersionGroup section */
	};
	rootObject = 2A52EE9E2E012499006D1C0B /* Project object */;
}
